{
    "imagine/imagine": {
        "version": "1.2.4"
    },
    "league/flysystem": {
        "version": "2.0.4"
    },
    "league/mime-type-detection": {
        "version": "1.7.0"
    },
    "liip/imagine-bundle": {
        "version": "1.8",
        "recipe": {
            "repo": "github.com/symfony/recipes-contrib",
            "branch": "master",
            "version": "1.8",
            "ref": "5a5bdc2d0e2533ed6935d5ae562f2b318a8fc1ee"
        },
        "files": [
            "./config/packages/liip_imagine.yaml",
            "./config/routes/liip_imagine.yaml"
        ]
    },
    "oneup/flysystem-bundle": {
        "version": "4.0",
        "recipe": {
            "repo": "github.com/symfony/recipes-contrib",
            "branch": "master",
            "version": "4.0",
            "ref": "3ae1b83985e89138f5443bbc2d9b8c074b497d49"
        },
        "files": [
            "./config/packages/oneup_flysystem.yaml"
        ]
    },
    "symfony/flex": {
        "version": "1.0",
        "recipe": {
            "repo": "github.com/symfony/recipes",
            "branch": "master",
            "version": "1.0",
            "ref": "c0eeb50665f0f77226616b6038a9b06c03752d8e"
        },
        "files": [
            "./.env"
        ]
    },
    "symfony/options-resolver": {
        "version": "v5.1.11"
    },
    "symfony/process": {
        "version": "v5.1.11"
    }
}
